
Microsoft Visual Studio Solution File, Format Version 12.00
# Visual Studio Version 17
VisualStudioVersion = 17.14.36908.2 d17.14
MinimumVisualStudioVersion = 10.0.40219.1
Project("{FAE04EC0-301F-11D3-BF4B-00C04F79EFBC}") = "StudentAPI", "lab1\StudentAPI.csproj", "{7D2E5D2F-CE47-4AD1-8136-D25B57BDB109}"
EndProject
Global
	GlobalSection(SolutionConfigurationPlatforms) = preSolution
		Debug|Any CPU = Debug|Any CPU
		Release|Any CPU = Release|Any CPU
	EndGlobalSection
	GlobalSection(ProjectConfigurationPlatforms) = postSolution
		{7D2E5D2F-CE47-4AD1-8136-D25B57BDB109}.Debug|Any CPU.ActiveCfg = Debug|Any CPU
		{7D2E5D2F-CE47-4AD1-8136-D25B57BDB109}.Debug|Any CPU.Build.0 = Debug|Any CPU
		{7D2E5D2F-CE47-4AD1-8136-D25B57BDB109}.Release|Any CPU.ActiveCfg = Release|Any CPU
		{7D2E5D2F-CE47-4AD1-8136-D25B57BDB109}.Release|Any CPU.Build.0 = Release|Any CPU
	EndGlobalSection
	GlobalSection(SolutionProperties) = preSolution
		HideSolutionNode = FALSE
	EndGlobalSection
	GlobalSection(ExtensibilityGlobals) = postSolution
		SolutionGuid = {CB2A00A3-C9C1-4320-870D-C7A0856F07BB}
	EndGlobalSection
EndGlobal
